// !$*UTF8*$!
{
	archiveVersion = 1;
	classes = {
	};
	objectVersion = 56;
	objects = {

/* Begin PBXBuildFile section */
		0B4ED37DA8B261FCD6195ADD /* PinnedChannel.swift in Sources */ = {isa = PBXBuildFile; fileRef = 8F29059B3906DEA58CF1283B /* PinnedChannel.swift */; };
		194F94417411C6C3D203DC70 /* PinnedChannelsService.swift in Sources */ = {isa = PBXBuildFile; fileRef = 968CC3DEA8062E9B54E6DA4E /* PinnedChannelsService.swift */; };
		1F81269290FD6DFA2296789B /* ChannelMergeTests.swift in Sources */ = {isa = PBXBuildFile; fileRef = 85461FC8D6E88A3870CCFA9E /* ChannelMergeTests.swift */; };
		34171A74DA5F0F6F52B6658D /* ImageCacheByteCapTests.swift in Sources */ = {isa = PBXBuildFile; fileRef = 6C940B44E407470D79D7818B /* ImageCacheByteCapTests.swift */; };
		372E343F518401152E6A7D27 /* RadioViewModelFilterTests.swift in Sources */ = {isa = PBXBuildFile; fileRef = E7AABCF19B93635391B21906 /* RadioViewModelFilterTests.swift */; };
		3A8F12AAE69B7DFAE55F89D3 /* Cocoa.framework in Frameworks */ = {isa = PBXBuildFile; fileRef = 892EC0878B361569B4E05B72 /* Cocoa.framework */; };
		3B8CFC36A75FC4332DB09DCD /* MenuBarTooltipUpdater.swift in Sources */ = {isa = PBXBuildFile; fileRef = CBAB93154EA8CDB34D59CC6C /* MenuBarTooltipUpdater.swift */; };
		4D3EE2BEB2BB73152ED8D05B /* PinnedChannelTests.swift in Sources */ = {isa = PBXBuildFile; fileRef = 7D92FCCB6C4FEDD5B694334D /* PinnedChannelTests.swift */; };
		61A1692E4C9DB191B1C1BBFB /* MenuBarTooltipUpdaterTests.swift in Sources */ = {isa = PBXBuildFile; fileRef = 694C02F6CBB17E4502529F81 /* MenuBarTooltipUpdaterTests.swift */; };
		61C8CC1113671D5972B2F5FB /* SomaFMServiceTests.swift in Sources */ = {isa = PBXBuildFile; fileRef = C02734C68D3F5FCAD9310B41 /* SomaFMServiceTests.swift */; };
		769E11B41D174E069187F65F /* TrackParseableTests.swift in Sources */ = {isa = PBXBuildFile; fileRef = 10291EE2F1AFA6016EFC1889 /* TrackParseableTests.swift */; };
		939F65644657C8BE647A7E35 /* ChannelTests.swift in Sources */ = {isa = PBXBuildFile; fileRef = D931C8AEF739BADDF92AFB2D /* ChannelTests.swift */; };
		94C5F9E3AF1B5FD574C14DC7 /* RadioViewModelLifecycleTests.swift in Sources */ = {isa = PBXBuildFile; fileRef = AB3993496C9E9243CE4B777F /* RadioViewModelLifecycleTests.swift */; };
		9D00B64D77C575A55CE2A0BE /* NowPlayingServiceTests.swift in Sources */ = {isa = PBXBuildFile; fileRef = 048B040EB95A225305341B18 /* NowPlayingServiceTests.swift */; };
		A10001AA /* playSomApp.swift in Sources */ = {isa = PBXBuildFile; fileRef = A10001AB /* playSomApp.swift */; };
		A10002AA /* Channel.swift in Sources */ = {isa = PBXBuildFile; fileRef = A10002AB /* Channel.swift */; };
		A10003AA /* AudioPlayer.swift in Sources */ = {isa = PBXBuildFile; fileRef = A10003AB /* AudioPlayer.swift */; };
		A10004AA /* SomaFMService.swift in Sources */ = {isa = PBXBuildFile; fileRef = A10004AB /* SomaFMService.swift */; };
		A10005AA /* NowPlayingService.swift in Sources */ = {isa = PBXBuildFile; fileRef = A10005AB /* NowPlayingService.swift */; };
		A10006AA /* RadioViewModel.swift in Sources */ = {isa = PBXBuildFile; fileRef = A10006AB /* RadioViewModel.swift */; };
		A10007AA /* MenuBarView.swift in Sources */ = {isa = PBXBuildFile; fileRef = A10007AB /* MenuBarView.swift */; };
		A10008AA /* ChannelListView.swift in Sources */ = {isa = PBXBuildFile; fileRef = A10008AB /* ChannelListView.swift */; };
		A10009AA /* NowPlayingView.swift in Sources */ = {isa = PBXBuildFile; fileRef = A10009AB /* NowPlayingView.swift */; };
		A10010AA /* SettingsView.swift in Sources */ = {isa = PBXBuildFile; fileRef = A10010AB /* SettingsView.swift */; };
		A10011AA /* Assets.xcassets in Resources */ = {isa = PBXBuildFile; fileRef = A10011AB /* Assets.xcassets */; };
		A10014AA /* FavoriteSong.swift in Sources */ = {isa = PBXBuildFile; fileRef = A10014AB /* FavoriteSong.swift */; };
		A10015AA /* FavoritesService.swift in Sources */ = {isa = PBXBuildFile; fileRef = A10015AB /* FavoritesService.swift */; };
		A10016AA /* FavoritesView.swift in Sources */ = {isa = PBXBuildFile; fileRef = A10016AB /* FavoritesView.swift */; };
		A10017AA /* CachedAsyncImage.swift in Sources */ = {isa = PBXBuildFile; fileRef = A10017AB /* CachedAsyncImage.swift */; };
		A10018AA /* LegalView.swift in Sources */ = {isa = PBXBuildFile; fileRef = A10018AB /* LegalView.swift */; };
		A10019AA /* MarqueeText.swift in Sources */ = {isa = PBXBuildFile; fileRef = A10019AB /* MarqueeText.swift */; };
		A10020AA /* GlassModifiers.swift in Sources */ = {isa = PBXBuildFile; fileRef = A10020AB /* GlassModifiers.swift */; };
		A10021AA /* TrackParseable.swift in Sources */ = {isa = PBXBuildFile; fileRef = A10021AB /* TrackParseable.swift */; };
		C631F61870FE9C1EDC66FDFC /* FavoritesServiceTests.swift in Sources */ = {isa = PBXBuildFile; fileRef = 8EC1B0D4C04B61DD6E121E94 /* FavoritesServiceTests.swift */; };
		C8084325783FBB9F0914F11B /* DisplayedChannelsTests.swift in Sources */ = {isa = PBXBuildFile; fileRef = BCD2E52BE5364E1577427521 /* DisplayedChannelsTests.swift */; };
		CF466096E3FF1964A239693D /* PopoverHeightTests.swift in Sources */ = {isa = PBXBuildFile; fileRef = 16CD6CDD9F998D43D73D9222 /* PopoverHeightTests.swift */; };
		E3E51A7A7E6F395106E010E4 /* playSomTests.swift in Sources */ = {isa = PBXBuildFile; fileRef = 77CB7E9B8E0F2ABF189CDA85 /* playSomTests.swift */; };
		E8B4EA391079832CFA09C946 /* ImageCacheCountCapTests.swift in Sources */ = {isa = PBXBuildFile; fileRef = AF2267EAF2C4CE808E60993A /* ImageCacheCountCapTests.swift */; };
		EA7078071F420C7934804738 /* PinnedChannelsServiceTests.swift in Sources */ = {isa = PBXBuildFile; fileRef = F820B2157B563D9431EF98AE /* PinnedChannelsServiceTests.swift */; };
/* End PBXBuildFile section */

/* Begin PBXContainerItemProxy section */
		7F0F6A39B0D472B6BB1FFAC8 /* PBXContainerItemProxy */ = {
			isa = PBXContainerItemProxy;
			containerPortal = A1000200 /* Project object */;
			proxyType = 1;
			remoteGlobalIDString = A1000100;
			remoteInfo = playSom;
		};
/* End PBXContainerItemProxy section */

/* Begin PBXFileReference section */
		048B040EB95A225305341B18 /* NowPlayingServiceTests.swift */ = {isa = PBXFileReference; includeInIndex = 1; lastKnownFileType = sourcecode.swift; path = NowPlayingServiceTests.swift; sourceTree = "<group>"; };
		10291EE2F1AFA6016EFC1889 /* TrackParseableTests.swift */ = {isa = PBXFileReference; includeInIndex = 1; lastKnownFileType = sourcecode.swift; path = TrackParseableTests.swift; sourceTree = "<group>"; };
		16CD6CDD9F998D43D73D9222 /* PopoverHeightTests.swift */ = {isa = PBXFileReference; includeInIndex = 1; lastKnownFileType = sourcecode.swift; path = PopoverHeightTests.swift; sourceTree = "<group>"; };
		694C02F6CBB17E4502529F81 /* MenuBarTooltipUpdaterTests.swift */ = {isa = PBXFileReference; includeInIndex = 1; lastKnownFileType = sourcecode.swift; path = MenuBarTooltipUpdaterTests.swift; sourceTree = "<group>"; };
		6C940B44E407470D79D7818B /* ImageCacheByteCapTests.swift */ = {isa = PBXFileReference; includeInIndex = 1; lastKnownFileType = sourcecode.swift; path = ImageCacheByteCapTests.swift; sourceTree = "<group>"; };
		77CB7E9B8E0F2ABF189CDA85 /* playSomTests.swift */ = {isa = PBXFileReference; includeInIndex = 1; lastKnownFileType = sourcecode.swift; path = playSomTests.swift; sourceTree = "<group>"; };
		7D92FCCB6C4FEDD5B694334D /* PinnedChannelTests.swift */ = {isa = PBXFileReference; includeInIndex = 1; lastKnownFileType = sourcecode.swift; path = PinnedChannelTests.swift; sourceTree = "<group>"; };
		85461FC8D6E88A3870CCFA9E /* ChannelMergeTests.swift */ = {isa = PBXFileReference; includeInIndex = 1; lastKnownFileType = sourcecode.swift; path = ChannelMergeTests.swift; sourceTree = "<group>"; };
		892EC0878B361569B4E05B72 /* Cocoa.framework */ = {isa = PBXFileReference; lastKnownFileType = wrapper.framework; name = Cocoa.framework; path = Platforms/MacOSX.platform/Developer/SDKs/MacOSX15.0.sdk/System/Library/Frameworks/Cocoa.framework; sourceTree = DEVELOPER_DIR; };
		8EC1B0D4C04B61DD6E121E94 /* FavoritesServiceTests.swift */ = {isa = PBXFileReference; includeInIndex = 1; lastKnownFileType = sourcecode.swift; path = FavoritesServiceTests.swift; sourceTree = "<group>"; };
		8F29059B3906DEA58CF1283B /* PinnedChannel.swift */ = {isa = PBXFileReference; includeInIndex = 1; lastKnownFileType = sourcecode.swift; path = PinnedChannel.swift; sourceTree = "<group>"; };
		968CC3DEA8062E9B54E6DA4E /* PinnedChannelsService.swift */ = {isa = PBXFileReference; includeInIndex = 1; lastKnownFileType = sourcecode.swift; path = PinnedChannelsService.swift; sourceTree = "<group>"; };
		A07CE169B263D3BCCC76C03B /* playSomTests.xctest */ = {isa = PBXFileReference; explicitFileType = wrapper.cfbundle; includeInIndex = 0; path = playSomTests.xctest; sourceTree = BUILT_PRODUCTS_DIR; };
		A10000FF /* playSom.app */ = {isa = PBXFileReference; explicitFileType = wrapper.application; includeInIndex = 0; path = playSom.app; sourceTree = BUILT_PRODUCTS_DIR; };
		A10001AB /* playSomApp.swift */ = {isa = PBXFileReference; lastKnownFileType = sourcecode.swift; path = playSomApp.swift; sourceTree = "<group>"; };
		A10002AB /* Channel.swift */ = {isa = PBXFileReference; lastKnownFileType = sourcecode.swift; path = Channel.swift; sourceTree = "<group>"; };
		A10003AB /* AudioPlayer.swift */ = {isa = PBXFileReference; lastKnownFileType = sourcecode.swift; path = AudioPlayer.swift; sourceTree = "<group>"; };
		A10004AB /* SomaFMService.swift */ = {isa = PBXFileReference; lastKnownFileType = sourcecode.swift; path = SomaFMService.swift; sourceTree = "<group>"; };
		A10005AB /* NowPlayingService.swift */ = {isa = PBXFileReference; lastKnownFileType = sourcecode.swift; path = NowPlayingService.swift; sourceTree = "<group>"; };
		A10006AB /* RadioViewModel.swift */ = {isa = PBXFileReference; lastKnownFileType = sourcecode.swift; path = RadioViewModel.swift; sourceTree = "<group>"; };
		A10007AB /* MenuBarView.swift */ = {isa = PBXFileReference; lastKnownFileType = sourcecode.swift; path = MenuBarView.swift; sourceTree = "<group>"; };
		A10008AB /* ChannelListView.swift */ = {isa = PBXFileReference; lastKnownFileType = sourcecode.swift; path = ChannelListView.swift; sourceTree = "<group>"; };
		A10009AB /* NowPlayingView.swift */ = {isa = PBXFileReference; lastKnownFileType = sourcecode.swift; path = NowPlayingView.swift; sourceTree = "<group>"; };
		A10010AB /* SettingsView.swift */ = {isa = PBXFileReference; lastKnownFileType = sourcecode.swift; path = SettingsView.swift; sourceTree = "<group>"; };
		A10011AB /* Assets.xcassets */ = {isa = PBXFileReference; lastKnownFileType = folder.assetcatalog; path = Assets.xcassets; sourceTree = "<group>"; };
		A10012AB /* Info.plist */ = {isa = PBXFileReference; lastKnownFileType = text.plist.xml; path = Info.plist; sourceTree = "<group>"; };
		A10013AB /* playSom.entitlements */ = {isa = PBXFileReference; lastKnownFileType = text.plist.entitlements; path = playSom.entitlements; sourceTree = "<group>"; };
		A10014AB /* FavoriteSong.swift */ = {isa = PBXFileReference; lastKnownFileType = sourcecode.swift; path = FavoriteSong.swift; sourceTree = "<group>"; };
		A10015AB /* FavoritesService.swift */ = {isa = PBXFileReference; lastKnownFileType = sourcecode.swift; path = FavoritesService.swift; sourceTree = "<group>"; };
		A10016AB /* FavoritesView.swift */ = {isa = PBXFileReference; lastKnownFileType = sourcecode.swift; path = FavoritesView.swift; sourceTree = "<group>"; };
		A10017AB /* CachedAsyncImage.swift */ = {isa = PBXFileReference; lastKnownFileType = sourcecode.swift; path = CachedAsyncImage.swift; sourceTree = "<group>"; };
		A10018AB /* LegalView.swift */ = {isa = PBXFileReference; lastKnownFileType = sourcecode.swift; path = LegalView.swift; sourceTree = "<group>"; };
		A10019AB /* MarqueeText.swift */ = {isa = PBXFileReference; lastKnownFileType = sourcecode.swift; path = MarqueeText.swift; sourceTree = "<group>"; };
		A10020AB /* GlassModifiers.swift */ = {isa = PBXFileReference; lastKnownFileType = sourcecode.swift; path = GlassModifiers.swift; sourceTree = "<group>"; };
		A10021AB /* TrackParseable.swift */ = {isa = PBXFileReference; lastKnownFileType = sourcecode.swift; path = TrackParseable.swift; sourceTree = "<group>"; };
		AB3993496C9E9243CE4B777F /* RadioViewModelLifecycleTests.swift */ = {isa = PBXFileReference; includeInIndex = 1; lastKnownFileType = sourcecode.swift; path = RadioViewModelLifecycleTests.swift; sourceTree = "<group>"; };
		AF2267EAF2C4CE808E60993A /* ImageCacheCountCapTests.swift */ = {isa = PBXFileReference; includeInIndex = 1; lastKnownFileType = sourcecode.swift; path = ImageCacheCountCapTests.swift; sourceTree = "<group>"; };
		BCD2E52BE5364E1577427521 /* DisplayedChannelsTests.swift */ = {isa = PBXFileReference; includeInIndex = 1; lastKnownFileType = sourcecode.swift; path = DisplayedChannelsTests.swift; sourceTree = "<group>"; };
		C02734C68D3F5FCAD9310B41 /* SomaFMServiceTests.swift */ = {isa = PBXFileReference; includeInIndex = 1; lastKnownFileType = sourcecode.swift; path = SomaFMServiceTests.swift; sourceTree = "<group>"; };
		CBAB93154EA8CDB34D59CC6C /* MenuBarTooltipUpdater.swift */ = {isa = PBXFileReference; includeInIndex = 1; lastKnownFileType = sourcecode.swift; path = MenuBarTooltipUpdater.swift; sourceTree = "<group>"; };
		D931C8AEF739BADDF92AFB2D /* ChannelTests.swift */ = {isa = PBXFileReference; includeInIndex = 1; lastKnownFileType = sourcecode.swift; path = ChannelTests.swift; sourceTree = "<group>"; };
		E7AABCF19B93635391B21906 /* RadioViewModelFilterTests.swift */ = {isa = PBXFileReference; includeInIndex = 1; lastKnownFileType = sourcecode.swift; path = RadioViewModelFilterTests.swift; sourceTree = "<group>"; };
		F820B2157B563D9431EF98AE /* PinnedChannelsServiceTests.swift */ = {isa = PBXFileReference; includeInIndex = 1; lastKnownFileType = sourcecode.swift; path = PinnedChannelsServiceTests.swift; sourceTree = "<group>"; };
/* End PBXFileReference section */

/* Begin PBXFrameworksBuildPhase section */
		A1000FFF /* Frameworks */ = {
			isa = PBXFrameworksBuildPhase;
			buildActionMask = 2147483647;
			files = (
			);
			runOnlyForDeploymentPostprocessing = 0;
		};
		E41E5AB2CECFBB3B3B327605 /* Frameworks */ = {
			isa = PBXFrameworksBuildPhase;
			buildActionMask = 2147483647;
			files = (
				3A8F12AAE69B7DFAE55F89D3 /* Cocoa.framework in Frameworks */,
			);
			runOnlyForDeploymentPostprocessing = 0;
		};
/* End PBXFrameworksBuildPhase section */

/* Begin PBXGroup section */
		2CCA66F84631304FA89EA915 /* Frameworks */ = {
			isa = PBXGroup;
			children = (
				D38B823DA49B34A4FB39B9E2 /* OS X */,
			);
			name = Frameworks;
			sourceTree = "<group>";
		};
		A1000000 = {
			isa = PBXGroup;
			children = (
				A1000010 /* playSom */,
				A1000020 /* Products */,
				2CCA66F84631304FA89EA915 /* Frameworks */,
				E67829C1B97A55E8AD4CF981 /* playSomTests */,
			);
			sourceTree = "<group>";
		};
		A1000010 /* playSom */ = {
			isa = PBXGroup;
			children = (
				A10001AB /* playSomApp.swift */,
				A10012AB /* Info.plist */,
				A10013AB /* playSom.entitlements */,
				A10011AB /* Assets.xcassets */,
				A1000030 /* Models */,
				A1000040 /* Services */,
				A1000050 /* ViewModels */,
				A1000060 /* Views */,
			);
			path = playSom;
			sourceTree = SOURCE_ROOT;
		};
		A1000020 /* Products */ = {
			isa = PBXGroup;
			children = (
				A10000FF /* playSom.app */,
				A07CE169B263D3BCCC76C03B /* playSomTests.xctest */,
			);
			name = Products;
			sourceTree = "<group>";
		};
		A1000030 /* Models */ = {
			isa = PBXGroup;
			children = (
				A10002AB /* Channel.swift */,
				A10014AB /* FavoriteSong.swift */,
				A10021AB /* TrackParseable.swift */,
				8F29059B3906DEA58CF1283B /* PinnedChannel.swift */,
			);
			path = Models;
			sourceTree = "<group>";
		};
		A1000040 /* Services */ = {
			isa = PBXGroup;
			children = (
				A10003AB /* AudioPlayer.swift */,
				A10004AB /* SomaFMService.swift */,
				A10005AB /* NowPlayingService.swift */,
				A10015AB /* FavoritesService.swift */,
				968CC3DEA8062E9B54E6DA4E /* PinnedChannelsService.swift */,
				CBAB93154EA8CDB34D59CC6C /* MenuBarTooltipUpdater.swift */,
			);
			path = Services;
			sourceTree = "<group>";
		};
		A1000050 /* ViewModels */ = {
			isa = PBXGroup;
			children = (
				A10006AB /* RadioViewModel.swift */,
			);
			path = ViewModels;
			sourceTree = "<group>";
		};
		A1000060 /* Views */ = {
			isa = PBXGroup;
			children = (
				A10007AB /* MenuBarView.swift */,
				A10008AB /* ChannelListView.swift */,
				A10009AB /* NowPlayingView.swift */,
				A10010AB /* SettingsView.swift */,
				A10016AB /* FavoritesView.swift */,
				A10017AB /* CachedAsyncImage.swift */,
				A10018AB /* LegalView.swift */,
				A10019AB /* MarqueeText.swift */,
				A10020AB /* GlassModifiers.swift */,
			);
			path = Views;
			sourceTree = "<group>";
		};
		D38B823DA49B34A4FB39B9E2 /* OS X */ = {
			isa = PBXGroup;
			children = (
				892EC0878B361569B4E05B72 /* Cocoa.framework */,
			);
			name = "OS X";
			sourceTree = "<group>";
		};
		E67829C1B97A55E8AD4CF981 /* playSomTests */ = {
			isa = PBXGroup;
			children = (
				77CB7E9B8E0F2ABF189CDA85 /* playSomTests.swift */,
				10291EE2F1AFA6016EFC1889 /* TrackParseableTests.swift */,
				D931C8AEF739BADDF92AFB2D /* ChannelTests.swift */,
				8EC1B0D4C04B61DD6E121E94 /* FavoritesServiceTests.swift */,
				C02734C68D3F5FCAD9310B41 /* SomaFMServiceTests.swift */,
				E7AABCF19B93635391B21906 /* RadioViewModelFilterTests.swift */,
				AF2267EAF2C4CE808E60993A /* ImageCacheCountCapTests.swift */,
				6C940B44E407470D79D7818B /* ImageCacheByteCapTests.swift */,
				AB3993496C9E9243CE4B777F /* RadioViewModelLifecycleTests.swift */,
				7D92FCCB6C4FEDD5B694334D /* PinnedChannelTests.swift */,
				F820B2157B563D9431EF98AE /* PinnedChannelsServiceTests.swift */,
				BCD2E52BE5364E1577427521 /* DisplayedChannelsTests.swift */,
				16CD6CDD9F998D43D73D9222 /* PopoverHeightTests.swift */,
				85461FC8D6E88A3870CCFA9E /* ChannelMergeTests.swift */,
				048B040EB95A225305341B18 /* NowPlayingServiceTests.swift */,
				694C02F6CBB17E4502529F81 /* MenuBarTooltipUpdaterTests.swift */,
			);
			name = playSomTests;
			path = playSomTests;
			sourceTree = SOURCE_ROOT;
		};
/* End PBXGroup section */

/* Begin PBXNativeTarget section */
		A1000100 /* playSom */ = {
			isa = PBXNativeTarget;
			buildConfigurationList = A1000400 /* Build configuration list for PBXNativeTarget "playSom" */;
			buildPhases = (
				A1000EEE /* Sources */,
				A1000FFF /* Frameworks */,
				A1000DDD /* Resources */,
			);
			buildRules = (
			);
			dependencies = (
			);
			name = playSom;
			productName = playSom;
			productReference = A10000FF /* playSom.app */;
			productType = "com.apple.product-type.application";
		};
		BD070F36477CC29B6E187E2D /* playSomTests */ = {
			isa = PBXNativeTarget;
			buildConfigurationList = 9F2DA63719B453F70F8302FD /* Build configuration list for PBXNativeTarget "playSomTests" */;
			buildPhases = (
				C01AF8C9C10D6A0D4E0294FF /* Sources */,
				E41E5AB2CECFBB3B3B327605 /* Frameworks */,
				4796755D76A511B61F9EA30F /* Resources */,
			);
			buildRules = (
			);
			dependencies = (
				3915125D0F0BE6EEFD82E06C /* PBXTargetDependency */,
			);
			name = playSomTests;
			productName = playSomTests;
			productReference = A07CE169B263D3BCCC76C03B /* playSomTests.xctest */;
			productType = "com.apple.product-type.bundle.unit-test";
		};
/* End PBXNativeTarget section */

/* Begin PBXProject section */
		A1000200 /* Project object */ = {
			isa = PBXProject;
			attributes = {
				BuildIndependentTargetsInParallel = 1;
				LastSwiftUpdateCheck = 1600;
				LastUpgradeCheck = 1600;
				TargetAttributes = {
					A1000100 = {
						CreatedOnToolsVersion = 16.0;
					};
				};
			};
			buildConfigurationList = A1000300 /* Build configuration list for PBXProject "playSom" */;
			compatibilityVersion = "Xcode 14.0";
			developmentRegion = de;
			hasScannedForEncodings = 0;
			knownRegions = (
				de,
				Base,
			);
			mainGroup = A1000000;
			productRefGroup = A1000020 /* Products */;
			projectDirPath = "";
			projectRoot = "";
			targets = (
				A1000100 /* playSom */,
				BD070F36477CC29B6E187E2D /* playSomTests */,
			);
		};
/* End PBXProject section */

/* Begin PBXResourcesBuildPhase section */
		4796755D76A511B61F9EA30F /* Resources */ = {
			isa = PBXResourcesBuildPhase;
			buildActionMask = 2147483647;
			files = (
			);
			runOnlyForDeploymentPostprocessing = 0;
		};
		A1000DDD /* Resources */ = {
			isa = PBXResourcesBuildPhase;
			buildActionMask = 2147483647;
			files = (
				A10011AA /* Assets.xcassets in Resources */,
			);
			runOnlyForDeploymentPostprocessing = 0;
		};
/* End PBXResourcesBuildPhase section */

/* Begin PBXSourcesBuildPhase section */
		A1000EEE /* Sources */ = {
			isa = PBXSourcesBuildPhase;
			buildActionMask = 2147483647;
			files = (
				A10001AA /* playSomApp.swift in Sources */,
				A10002AA /* Channel.swift in Sources */,
				A10003AA /* AudioPlayer.swift in Sources */,
				A10004AA /* SomaFMService.swift in Sources */,
				A10005AA /* NowPlayingService.swift in Sources */,
				A10006AA /* RadioViewModel.swift in Sources */,
				A10007AA /* MenuBarView.swift in Sources */,
				A10008AA /* ChannelListView.swift in Sources */,
				A10009AA /* NowPlayingView.swift in Sources */,
				A10010AA /* SettingsView.swift in Sources */,
				A10014AA /* FavoriteSong.swift in Sources */,
				A10015AA /* FavoritesService.swift in Sources */,
				A10016AA /* FavoritesView.swift in Sources */,
				A10017AA /* CachedAsyncImage.swift in Sources */,
				A10018AA /* LegalView.swift in Sources */,
				A10019AA /* MarqueeText.swift in Sources */,
				A10020AA /* GlassModifiers.swift in Sources */,
				A10021AA /* TrackParseable.swift in Sources */,
				0B4ED37DA8B261FCD6195ADD /* PinnedChannel.swift in Sources */,
				194F94417411C6C3D203DC70 /* PinnedChannelsService.swift in Sources */,
				3B8CFC36A75FC4332DB09DCD /* MenuBarTooltipUpdater.swift in Sources */,
			);
			runOnlyForDeploymentPostprocessing = 0;
		};
		C01AF8C9C10D6A0D4E0294FF /* Sources */ = {
			isa = PBXSourcesBuildPhase;
			buildActionMask = 2147483647;
			files = (
				E3E51A7A7E6F395106E010E4 /* playSomTests.swift in Sources */,
				769E11B41D174E069187F65F /* TrackParseableTests.swift in Sources */,
				939F65644657C8BE647A7E35 /* ChannelTests.swift in Sources */,
				C631F61870FE9C1EDC66FDFC /* FavoritesServiceTests.swift in Sources */,
				61C8CC1113671D5972B2F5FB /* SomaFMServiceTests.swift in Sources */,
				372E343F518401152E6A7D27 /* RadioViewModelFilterTests.swift in Sources */,
				E8B4EA391079832CFA09C946 /* ImageCacheCountCapTests.swift in Sources */,
				34171A74DA5F0F6F52B6658D /* ImageCacheByteCapTests.swift in Sources */,
				94C5F9E3AF1B5FD574C14DC7 /* RadioViewModelLifecycleTests.swift in Sources */,
				4D3EE2BEB2BB73152ED8D05B /* PinnedChannelTests.swift in Sources */,
				EA7078071F420C7934804738 /* PinnedChannelsServiceTests.swift in Sources */,
				C8084325783FBB9F0914F11B /* DisplayedChannelsTests.swift in Sources */,
				CF466096E3FF1964A239693D /* PopoverHeightTests.swift in Sources */,
				1F81269290FD6DFA2296789B /* ChannelMergeTests.swift in Sources */,
				9D00B64D77C575A55CE2A0BE /* NowPlayingServiceTests.swift in Sources */,
				61A1692E4C9DB191B1C1BBFB /* MenuBarTooltipUpdaterTests.swift in Sources */,
			);
			runOnlyForDeploymentPostprocessing = 0;
		};
/* End PBXSourcesBuildPhase section */

/* Begin PBXTargetDependency section */
		3915125D0F0BE6EEFD82E06C /* PBXTargetDependency */ = {
			isa = PBXTargetDependency;
			name = playSom;
			target = A1000100 /* playSom */;
			targetProxy = 7F0F6A39B0D472B6BB1FFAC8 /* PBXContainerItemProxy */;
		};
/* End PBXTargetDependency section */

/* Begin XCBuildConfiguration section */
		515F14B7266DCC7FA77DF42C /* Release */ = {
			isa = XCBuildConfiguration;
			buildSettings = {
				ALWAYS_EMBED_SWIFT_STANDARD_LIBRARIES = YES;
				BUNDLE_LOADER = "$(TEST_HOST)";
				CODE_SIGN_STYLE = Automatic;
				GENERATE_INFOPLIST_FILE = YES;
				LD_RUNPATH_SEARCH_PATHS = (
					"$(inherited)",
					"@executable_path/../Frameworks",
					"@loader_path/../Frameworks",
				);
				MACOSX_DEPLOYMENT_TARGET = 15.0;
				PRODUCT_BUNDLE_IDENTIFIER = com.tobiaslettenmeier.playSomTests;
				PRODUCT_MODULE_NAME = "$(PRODUCT_NAME:c99extidentifier)";
				PRODUCT_NAME = "$(TARGET_NAME)";
				SDKROOT = macosx;
				SWIFT_VERSION = 5.0;
				TEST_HOST = "$(BUILT_PRODUCTS_DIR)/playSom.app/Contents/MacOS/playSom";
			};
			name = Release;
		};
		71AAAB996FEA7A6997CC1C81 /* Debug */ = {
			isa = XCBuildConfiguration;
			buildSettings = {
				ALWAYS_EMBED_SWIFT_STANDARD_LIBRARIES = YES;
				BUNDLE_LOADER = "$(TEST_HOST)";
				CODE_SIGN_STYLE = Automatic;
				GENERATE_INFOPLIST_FILE = YES;
				LD_RUNPATH_SEARCH_PATHS = (
					"$(inherited)",
					"@executable_path/../Frameworks",
					"@loader_path/../Frameworks",
				);
				MACOSX_DEPLOYMENT_TARGET = 15.0;
				PRODUCT_BUNDLE_IDENTIFIER = com.tobiaslettenmeier.playSomTests;
				PRODUCT_MODULE_NAME = "$(PRODUCT_NAME:c99extidentifier)";
				PRODUCT_NAME = "$(TARGET_NAME)";
				SDKROOT = macosx;
				SWIFT_VERSION = 5.0;
				TEST_HOST = "$(BUILT_PRODUCTS_DIR)/playSom.app/Contents/MacOS/playSom";
			};
			name = Debug;
		};
		A1000301 /* Debug */ = {
			isa = XCBuildConfiguration;
			buildSettings = {
				ALWAYS_SEARCH_USER_PATHS = NO;
				ASSETCATALOG_COMPILER_GENERATE_SWIFT_ASSET_SYMBOL_EXTENSIONS = YES;
				CLANG_ANALYZER_NONNULL = YES;
				CLANG_CXX_LANGUAGE_STANDARD = "gnu++20";
				CLANG_ENABLE_MODULES = YES;
				CLANG_ENABLE_OBJC_ARC = YES;
				CLANG_WARN_BLOCK_CAPTURE_AUTORELEASING = YES;
				CLANG_WARN_BOOL_CONVERSION = YES;
				CLANG_WARN_COMMA = YES;
				CLANG_WARN_CONSTANT_CONVERSION = YES;
				CLANG_WARN_DEPRECATED_OBJC_IMPLEMENTATIONS = YES;
				CLANG_WARN_DIRECT_OBJC_ISA_USAGE = YES_ERROR;
				CLANG_WARN_DOCUMENTATION_COMMENTS = YES;
				CLANG_WARN_EMPTY_BODY = YES;
				CLANG_WARN_ENUM_CONVERSION = YES;
				CLANG_WARN_INFINITE_RECURSION = YES;
				CLANG_WARN_INT_CONVERSION = YES;
				CLANG_WARN_NON_LITERAL_NULL_CONVERSION = YES;
				CLANG_WARN_OBJC_IMPLICIT_RETAIN_SELF = YES;
				CLANG_WARN_OBJC_LITERAL_CONVERSION = YES;
				CLANG_WARN_OBJC_ROOT_CLASS = YES_ERROR;
				CLANG_WARN_QUOTED_INCLUDE_IN_FRAMEWORK_HEADER = YES;
				CLANG_WARN_RANGE_LOOP_ANALYSIS = YES;
				CLANG_WARN_STRICT_PROTOTYPES = YES;
				CLANG_WARN_SUSPICIOUS_MOVE = YES;
				CLANG_WARN_UNGUARDED_AVAILABILITY = YES_AGGRESSIVE;
				CLANG_WARN_UNREACHABLE_CODE = YES;
				CLANG_WARN__DUPLICATE_METHOD_MATCH = YES;
				COPY_PHASE_STRIP = NO;
				DEBUG_INFORMATION_FORMAT = dwarf;
				ENABLE_STRICT_OBJC_MSGSEND = YES;
				ENABLE_TESTABILITY = YES;
				GCC_DYNAMIC_NO_PIC = NO;
				GCC_NO_COMMON_BLOCKS = YES;
				GCC_OPTIMIZATION_LEVEL = 0;
				GCC_PREPROCESSOR_DEFINITIONS = (
					"DEBUG=1",
					"$(inherited)",
				);
				GCC_WARN_64_TO_32_BIT_CONVERSION = YES;
				GCC_WARN_ABOUT_RETURN_TYPE = YES_ERROR;
				GCC_WARN_UNDECLARED_SELECTOR = YES;
				GCC_WARN_UNINITIALIZED_AUTOS = YES_AGGRESSIVE;
				GCC_WARN_UNUSED_FUNCTION = YES;
				GCC_WARN_UNUSED_VARIABLE = YES;
				MACOSX_DEPLOYMENT_TARGET = 15.0;
				MTL_ENABLE_DEBUG_INFO = INCLUDE_SOURCE;
				MTL_FAST_MATH = YES;
				ONLY_ACTIVE_ARCH = YES;
				SDKROOT = macosx;
				SWIFT_ACTIVE_COMPILATION_CONDITIONS = "DEBUG $(inherited)";
				SWIFT_OPTIMIZATION_LEVEL = "-Onone";
			};
			name = Debug;
		};
		A1000302 /* Release */ = {
			isa = XCBuildConfiguration;
			buildSettings = {
				ALWAYS_SEARCH_USER_PATHS = NO;
				ASSETCATALOG_COMPILER_GENERATE_SWIFT_ASSET_SYMBOL_EXTENSIONS = YES;
				CLANG_ANALYZER_NONNULL = YES;
				CLANG_CXX_LANGUAGE_STANDARD = "gnu++20";
				CLANG_ENABLE_MODULES = YES;
				CLANG_ENABLE_OBJC_ARC = YES;
				CLANG_WARN_BLOCK_CAPTURE_AUTORELEASING = YES;
				CLANG_WARN_BOOL_CONVERSION = YES;
				CLANG_WARN_COMMA = YES;
				CLANG_WARN_CONSTANT_CONVERSION = YES;
				CLANG_WARN_DEPRECATED_OBJC_IMPLEMENTATIONS = YES;
				CLANG_WARN_DIRECT_OBJC_ISA_USAGE = YES_ERROR;
				CLANG_WARN_DOCUMENTATION_COMMENTS = YES;
				CLANG_WARN_EMPTY_BODY = YES;
				CLANG_WARN_ENUM_CONVERSION = YES;
				CLANG_WARN_INFINITE_RECURSION = YES;
				CLANG_WARN_INT_CONVERSION = YES;
				CLANG_WARN_NON_LITERAL_NULL_CONVERSION = YES;
				CLANG_WARN_OBJC_IMPLICIT_RETAIN_SELF = YES;
				CLANG_WARN_OBJC_LITERAL_CONVERSION = YES;
				CLANG_WARN_OBJC_ROOT_CLASS = YES_ERROR;
				CLANG_WARN_QUOTED_INCLUDE_IN_FRAMEWORK_HEADER = YES;
				CLANG_WARN_RANGE_LOOP_ANALYSIS = YES;
				CLANG_WARN_STRICT_PROTOTYPES = YES;
				CLANG_WARN_SUSPICIOUS_MOVE = YES;
				CLANG_WARN_UNGUARDED_AVAILABILITY = YES_AGGRESSIVE;
				CLANG_WARN_UNREACHABLE_CODE = YES;
				CLANG_WARN__DUPLICATE_METHOD_MATCH = YES;
				COPY_PHASE_STRIP = NO;
				DEBUG_INFORMATION_FORMAT = "dwarf-with-dsym";
				ENABLE_NS_ASSERTIONS = NO;
				ENABLE_STRICT_OBJC_MSGSEND = YES;
				GCC_NO_COMMON_BLOCKS = YES;
				GCC_WARN_64_TO_32_BIT_CONVERSION = YES;
				GCC_WARN_ABOUT_RETURN_TYPE = YES_ERROR;
				GCC_WARN_UNDECLARED_SELECTOR = YES;
				GCC_WARN_UNINITIALIZED_AUTOS = YES_AGGRESSIVE;
				GCC_WARN_UNUSED_FUNCTION = YES;
				GCC_WARN_UNUSED_VARIABLE = YES;
				MACOSX_DEPLOYMENT_TARGET = 15.0;
				MTL_ENABLE_DEBUG_INFO = NO;
				MTL_FAST_MATH = YES;
				SDKROOT = macosx;
				SWIFT_COMPILATION_MODE = wholemodule;
			};
			name = Release;
		};
		A1000401 /* Debug */ = {
			isa = XCBuildConfiguration;
			buildSettings = {
				ASSETCATALOG_COMPILER_APPICON_NAME = AppIcon;
				ASSETCATALOG_COMPILER_GLOBAL_ACCENT_COLOR_NAME = AccentColor;
				CODE_SIGN_ENTITLEMENTS = playSom/playSom.entitlements;
				CODE_SIGN_STYLE = Automatic;
				COMBINE_HIDPI_IMAGES = YES;
				CURRENT_PROJECT_VERSION = 1;
				GENERATE_INFOPLIST_FILE = YES;
				INFOPLIST_FILE = playSom/Info.plist;
				INFOPLIST_KEY_CFBundleDisplayName = playSom;
				INFOPLIST_KEY_LSApplicationCategoryType = "public.app-category.music";
				INFOPLIST_KEY_NSHumanReadableCopyright = "";
				LD_RUNPATH_SEARCH_PATHS = (
					"$(inherited)",
					"@executable_path/../Frameworks",
				);
				MARKETING_VERSION = 1.0;
				PRODUCT_BUNDLE_IDENTIFIER = com.tobiaslettenmeier.playSom;
				PRODUCT_NAME = "$(TARGET_NAME)";
				SWIFT_EMIT_LOC_STRINGS = YES;
				SWIFT_VERSION = 5.0;
			};
			name = Debug;
		};
		A1000402 /* Release */ = {
			isa = XCBuildConfiguration;
			buildSettings = {
				ASSETCATALOG_COMPILER_APPICON_NAME = AppIcon;
				ASSETCATALOG_COMPILER_GLOBAL_ACCENT_COLOR_NAME = AccentColor;
				CODE_SIGN_ENTITLEMENTS = playSom/playSom.entitlements;
				CODE_SIGN_STYLE = Automatic;
				COMBINE_HIDPI_IMAGES = YES;
				CURRENT_PROJECT_VERSION = 1;
				GENERATE_INFOPLIST_FILE = YES;
				INFOPLIST_FILE = playSom/Info.plist;
				INFOPLIST_KEY_CFBundleDisplayName = playSom;
				INFOPLIST_KEY_LSApplicationCategoryType = "public.app-category.music";
				INFOPLIST_KEY_NSHumanReadableCopyright = "";
				LD_RUNPATH_SEARCH_PATHS = (
					"$(inherited)",
					"@executable_path/../Frameworks",
				);
				MARKETING_VERSION = 1.0;
				PRODUCT_BUNDLE_IDENTIFIER = com.tobiaslettenmeier.playSom;
				PRODUCT_NAME = "$(TARGET_NAME)";
				SWIFT_EMIT_LOC_STRINGS = YES;
				SWIFT_VERSION = 5.0;
			};
			name = Release;
		};
/* End XCBuildConfiguration section */

/* Begin XCConfigurationList section */
		9F2DA63719B453F70F8302FD /* Build configuration list for PBXNativeTarget "playSomTests" */ = {
			isa = XCConfigurationList;
			buildConfigurations = (
				515F14B7266DCC7FA77DF42C /* Release */,
				71AAAB996FEA7A6997CC1C81 /* Debug */,
			);
			defaultConfigurationIsVisible = 0;
			defaultConfigurationName = Release;
		};
		A1000300 /* Build configuration list for PBXProject "playSom" */ = {
			isa = XCConfigurationList;
			buildConfigurations = (
				A1000301 /* Debug */,
				A1000302 /* Release */,
			);
			defaultConfigurationIsVisible = 0;
			defaultConfigurationName = Release;
		};
		A1000400 /* Build configuration list for PBXNativeTarget "playSom" */ = {
			isa = XCConfigurationList;
			buildConfigurations = (
				A1000401 /* Debug */,
				A1000402 /* Release */,
			);
			defaultConfigurationIsVisible = 0;
			defaultConfigurationName = Release;
		};
/* End XCConfigurationList section */
	};
	rootObject = A1000200 /* Project object */;
}
